# THIS IS AN AUTOGENERATED FILE. DO NOT EDIT THIS FILE DIRECTLY.
# yarn lockfile v1


react-accessible-accordion@^3.3.3:
  version "3.3.3"
  resolved "https://registry.yarnpkg.com/react-accessible-accordion/-/react-accessible-accordion-3.3.3.tgz#387a3f4ab1840b5b6dff9f1f16544f658d5c8e12"
  integrity sha512-I1Niy21IIyXIzcDuIlTnnN3k8bUux7puq60eyNuwf+lhvftnocn7hLhAz2NycXrZOqBClqi50YBqXlnbOTNrjQ==
